{
  "name": "integrate-keebai-whatsapp-scripts",
  "version": "0.1.0",
  "lockfileVersion": 3,
  "requires": true,
  "packages": {
    "": {
      "name": "integrate-keebai-whatsapp-scripts",
      "version": "0.1.0",
      "dependencies": {
        "@keebai/sdk": "^0.2.0"
      }
    },
    "node_modules/@keebai/sdk": {
      "version": "0.2.0",
      "resolved": "https://registry.npmjs.org/@keebai/sdk/-/sdk-0.2.0.tgz",
      "integrity": "sha512-6YlwB771O1szSByOkMfwWcsdO4r2vdAEYI76A7OWxAoU0yLVtbzB1BHmZe7rEUxR3lZWcwMKqaKnB+zTp/9sbw==",
      "license": "MIT",
      "engines": {
        "node": ">=20"
      }
    }
  }
}
